
Microsoft Visual Studio Solution File, Format Version 12.00
# Visual Studio Version 17
VisualStudioVersion = 17.14.36414.22 d17.14
MinimumVisualStudioVersion = 10.0.40219.1
Project("{FAE04EC0-301F-11D3-BF4B-00C04F79EFBC}") = "WinFormsApp2", "WinFormsApp2\WinFormsApp2.csproj", "{9E158ED2-BDF8-412D-A958-613F79BC622F}"
EndProject
Global
	GlobalSection(SolutionConfigurationPlatforms) = preSolution
		Debug|Any CPU = Debug|Any CPU
		Release|Any CPU = Release|Any CPU
	EndGlobalSection
	GlobalSection(ProjectConfigurationPlatforms) = postSolution
		{9E158ED2-BDF8-412D-A958-613F79BC622F}.Debug|Any CPU.ActiveCfg = Debug|Any CPU
		{9E158ED2-BDF8-412D-A958-613F79BC622F}.Debug|Any CPU.Build.0 = Debug|Any CPU
		{9E158ED2-BDF8-412D-A958-613F79BC622F}.Release|Any CPU.ActiveCfg = Release|Any CPU
		{9E158ED2-BDF8-412D-A958-613F79BC622F}.Release|Any CPU.Build.0 = Release|Any CPU
	EndGlobalSection
	GlobalSection(SolutionProperties) = preSolution
		HideSolutionNode = FALSE
	EndGlobalSection
	GlobalSection(ExtensibilityGlobals) = postSolution
		SolutionGuid = {EFAE2AC4-F738-4E07-9DC2-79E974A3D8A4}
	EndGlobalSection
EndGlobal
