
Microsoft Visual Studio Solution File, Format Version 12.00
# Visual Studio Version 17
VisualStudioVersion = 17.14.36414.22 d17.14
MinimumVisualStudioVersion = 10.0.40219.1
Project("{FAE04EC0-301F-11D3-BF4B-00C04F79EFBC}") = "WinFormsApp1", "WinFormsApp1\WinFormsApp1.csproj", "{94DF8730-C004-43C4-9B63-AED2CED23441}"
EndProject
Global
	GlobalSection(SolutionConfigurationPlatforms) = preSolution
		Debug|Any CPU = Debug|Any CPU
		Release|Any CPU = Release|Any CPU
	EndGlobalSection
	GlobalSection(ProjectConfigurationPlatforms) = postSolution
		{94DF8730-C004-43C4-9B63-AED2CED23441}.Debug|Any CPU.ActiveCfg = Debug|Any CPU
		{94DF8730-C004-43C4-9B63-AED2CED23441}.Debug|Any CPU.Build.0 = Debug|Any CPU
		{94DF8730-C004-43C4-9B63-AED2CED23441}.Release|Any CPU.ActiveCfg = Release|Any CPU
		{94DF8730-C004-43C4-9B63-AED2CED23441}.Release|Any CPU.Build.0 = Release|Any CPU
	EndGlobalSection
	GlobalSection(SolutionProperties) = preSolution
		HideSolutionNode = FALSE
	EndGlobalSection
	GlobalSection(ExtensibilityGlobals) = postSolution
		SolutionGuid = {D7B72780-0B0C-4D0C-A50A-D46A1B039019}
	EndGlobalSection
EndGlobal
